
Microsoft Visual Studio Solution File, Format Version 12.00
# Visual Studio 2013
VisualStudioVersion = 12.0.31101.0
MinimumVisualStudioVersion = 10.0.40219.1
Project("{FAE04EC0-301F-11D3-BF4B-00C04F79EFBC}") = "SiteEnkurtUrl", "EnkurtUrl\SiteEnkurtUrl.csproj", "{3285E604-566E-4BB3-808E-DEA37E4E6B57}"
EndProject
Project("{FAE04EC0-301F-11D3-BF4B-00C04F79EFBC}") = "WebApi", "WebApi\WebApi.csproj", "{BEF4EDCD-F62C-4647-8E08-9AA44A20CBA2}"
EndProject
Global
	GlobalSection(SolutionConfigurationPlatforms) = preSolution
		Debug|Any CPU = Debug|Any CPU
		Release|Any CPU = Release|Any CPU
	EndGlobalSection
	GlobalSection(ProjectConfigurationPlatforms) = postSolution
		{3285E604-566E-4BB3-808E-DEA37E4E6B57}.Debug|Any CPU.ActiveCfg = Debug|Any CPU
		{3285E604-566E-4BB3-808E-DEA37E4E6B57}.Debug|Any CPU.Build.0 = Debug|Any CPU
		{3285E604-566E-4BB3-808E-DEA37E4E6B57}.Release|Any CPU.ActiveCfg = Release|Any CPU
		{3285E604-566E-4BB3-808E-DEA37E4E6B57}.Release|Any CPU.Build.0 = Release|Any CPU
		{BEF4EDCD-F62C-4647-8E08-9AA44A20CBA2}.Debug|Any CPU.ActiveCfg = Debug|Any CPU
		{BEF4EDCD-F62C-4647-8E08-9AA44A20CBA2}.Debug|Any CPU.Build.0 = Debug|Any CPU
		{BEF4EDCD-F62C-4647-8E08-9AA44A20CBA2}.Release|Any CPU.ActiveCfg = Release|Any CPU
		{BEF4EDCD-F62C-4647-8E08-9AA44A20CBA2}.Release|Any CPU.Build.0 = Release|Any CPU
	EndGlobalSection
	GlobalSection(SolutionProperties) = preSolution
		HideSolutionNode = FALSE
	EndGlobalSection
EndGlobal
